<?xml version="1.0" encoding="UTF-8"?>
<Scheme
   LastUpgradeVersion = "1340"
   version = "1.3">
   <BuildAction
      parallelizeBuildables = "YES"
      buildImplicitDependencies = "YES">
      <BuildActionEntries>
         <BuildActionEntry
            buildForTesting = "YES"
            buildForRunning = "YES"
            buildForProfiling = "YES"
            buildForArchiving = "YES"
            buildForAnalyzing = "YES">
            <BuildableReference
               BuildableIdentifier = "primary"
               BlueprintIdentifier = "AFD2615B293F8C4F00A04F0F"
               BuildableName = "LinnworksOrderDespatcher.app"
               BlueprintName = "LinnworksOrderDespatcher"
               ReferencedContainer = "container:LinnworksOrderDespatcher.xcodeproj">
            </BuildableReference>
         </BuildActionEntry>
      </BuildActionEntries>
   </BuildAction>
   <TestAction
      buildConfiguration = "Debug"
      selectedDebuggerIdentifier = "Xcode.DebuggerFoundation.Debugger.LLDB"
      selectedLauncherIdentifier = "Xcode.DebuggerFoundation.Launcher.LLDB"
      shouldUseLaunchSchemeArgsEnv = "YES">
      <Testables>
      </Testables>
   </TestAction>
   <LaunchAction
      buildConfiguration = "Debug"
      selectedDebuggerIdentifier = "Xcode.DebuggerFoundation.Debugger.LLDB"
      selectedLauncherIdentifier = "Xcode.DebuggerFoundation.Launcher.LLDB"
      launchStyle = "0"
      useCustomWorkingDirectory = "NO"
      ignoresPersistentStateOnLaunch = "NO"
      debugDocumentVersioning = "YES"
      debugServiceExtension = "internal"
      allowLocationSimulation = "YES">
      <BuildableProductRunnable
         runnableDebuggingMode = "0">
         <BuildableReference
            BuildableIdentifier = "primary"
            BlueprintIdentifier = "AFD2615B293F8C4F00A04F0F"
            BuildableName = "LinnworksOrderDespatcher.app"
            BlueprintName = "LinnworksOrderDespatcher"
            ReferencedContainer = "container:LinnworksOrderDespatcher.xcodeproj">
         </BuildableReference>
      </BuildableProductRunnable>
      <EnvironmentVariables>
         <EnvironmentVariable
            key = "LINNWORKS_CLIENT_SECRET"
            value = "2bb0b575-8144-476d-b5f2-91265c44c7e0"
            isEnabled = "YES">
         </EnvironmentVariable>
         <EnvironmentVariable
            key = "REDIRECT_URL"
            value = "modeflick.LinnworksOrderDespatcher://dev-login.linnworks.net/ios/modeflick.LinnworksOrderDespatcher"
            isEnabled = "YES">
         </EnvironmentVariable>
         <EnvironmentVariable
            key = "LINNWORKS_CLIENT_ID"
            value = "ext_app_cfbf8a3a-a6d7-4b85-98e2-ab9de81cf901"
            isEnabled = "YES">
         </EnvironmentVariable>
      </EnvironmentVariables>
   </LaunchAction>
   <ProfileAction
      buildConfiguration = "Release"
      shouldUseLaunchSchemeArgsEnv = "YES"
      savedToolIdentifier = ""
      useCustomWorkingDirectory = "NO"
      debugDocumentVersioning = "YES">
      <BuildableProductRunnable
         runnableDebuggingMode = "0">
         <BuildableReference
            BuildableIdentifier = "primary"
            BlueprintIdentifier = "AFD2615B293F8C4F00A04F0F"
            BuildableName = "LinnworksOrderDespatcher.app"
            BlueprintName = "LinnworksOrderDespatcher"
            ReferencedContainer = "container:LinnworksOrderDespatcher.xcodeproj">
         </BuildableReference>
      </BuildableProductRunnable>
   </ProfileAction>
   <AnalyzeAction
      buildConfiguration = "Debug">
   </AnalyzeAction>
   <ArchiveAction
      buildConfiguration = "Release"
      revealArchiveInOrganizer = "YES">
   </ArchiveAction>
</Scheme>
